
Microsoft Visual Studio Solution File, Format Version 12.00
# Visual Studio 14
VisualStudioVersion = 14.0.23107.0
MinimumVisualStudioVersion = 10.0.40219.1
Project("{FAE04EC0-301F-11D3-BF4B-00C04F79EFBC}") = "Triangulacja Delaunay z ograniczeniami", "Triangulacja Delaunay z ograniczeniami\Triangulacja Delaunay z ograniczeniami.csproj", "{B3F7DADE-2CE8-4FD3-B4FD-AE1549DFC849}"
EndProject
Global
	GlobalSection(SolutionConfigurationPlatforms) = preSolution
		Debug|Any CPU = Debug|Any CPU
		Release|Any CPU = Release|Any CPU
	EndGlobalSection
	GlobalSection(ProjectConfigurationPlatforms) = postSolution
		{B3F7DADE-2CE8-4FD3-B4FD-AE1549DFC849}.Debug|Any CPU.ActiveCfg = Debug|Any CPU
		{B3F7DADE-2CE8-4FD3-B4FD-AE1549DFC849}.Debug|Any CPU.Build.0 = Debug|Any CPU
		{B3F7DADE-2CE8-4FD3-B4FD-AE1549DFC849}.Release|Any CPU.ActiveCfg = Release|Any CPU
		{B3F7DADE-2CE8-4FD3-B4FD-AE1549DFC849}.Release|Any CPU.Build.0 = Release|Any CPU
	EndGlobalSection
	GlobalSection(SolutionProperties) = preSolution
		HideSolutionNode = FALSE
	EndGlobalSection
EndGlobal
